
Microsoft Visual Studio Solution File, Format Version 12.00
# Visual Studio Version 17
VisualStudioVersion = 17.1.32210.238
MinimumVisualStudioVersion = 10.0.40219.1
Project("{FAE04EC0-301F-11D3-BF4B-00C04F79EFBC}") = "LogicalProgram", "LogicalProgram\LogicalProgram.csproj", "{72BC323E-DF8F-4FFA-8AB6-983A986574F9}"
EndProject
Global
	GlobalSection(SolutionConfigurationPlatforms) = preSolution
		Debug|Any CPU = Debug|Any CPU
		Release|Any CPU = Release|Any CPU
	EndGlobalSection
	GlobalSection(ProjectConfigurationPlatforms) = postSolution
		{72BC323E-DF8F-4FFA-8AB6-983A986574F9}.Debug|Any CPU.ActiveCfg = Debug|Any CPU
		{72BC323E-DF8F-4FFA-8AB6-983A986574F9}.Debug|Any CPU.Build.0 = Debug|Any CPU
		{72BC323E-DF8F-4FFA-8AB6-983A986574F9}.Release|Any CPU.ActiveCfg = Release|Any CPU
		{72BC323E-DF8F-4FFA-8AB6-983A986574F9}.Release|Any CPU.Build.0 = Release|Any CPU
	EndGlobalSection
	GlobalSection(SolutionProperties) = preSolution
		HideSolutionNode = FALSE
	EndGlobalSection
	GlobalSection(ExtensibilityGlobals) = postSolution
		SolutionGuid = {1F386641-0931-462D-A843-D083025FB139}
	EndGlobalSection
EndGlobal
